
Microsoft Visual Studio Solution File, Format Version 12.00
# Visual Studio Version 17
VisualStudioVersion = 17.4.33213.308
MinimumVisualStudioVersion = 10.0.40219.1
Project("{FAE04EC0-301F-11D3-BF4B-00C04F79EFBC}") = "Week8EpicGame", "Week8EpicGame\Week8EpicGame.csproj", "{01CC55D0-7FD5-4A87-B273-4E2738AED052}"
EndProject
Global
	GlobalSection(SolutionConfigurationPlatforms) = preSolution
		Debug|Any CPU = Debug|Any CPU
		Release|Any CPU = Release|Any CPU
	EndGlobalSection
	GlobalSection(ProjectConfigurationPlatforms) = postSolution
		{01CC55D0-7FD5-4A87-B273-4E2738AED052}.Debug|Any CPU.ActiveCfg = Debug|Any CPU
		{01CC55D0-7FD5-4A87-B273-4E2738AED052}.Debug|Any CPU.Build.0 = Debug|Any CPU
		{01CC55D0-7FD5-4A87-B273-4E2738AED052}.Release|Any CPU.ActiveCfg = Release|Any CPU
		{01CC55D0-7FD5-4A87-B273-4E2738AED052}.Release|Any CPU.Build.0 = Release|Any CPU
	EndGlobalSection
	GlobalSection(SolutionProperties) = preSolution
		HideSolutionNode = FALSE
	EndGlobalSection
	GlobalSection(ExtensibilityGlobals) = postSolution
		SolutionGuid = {A2645898-6900-4683-9911-94C46955B989}
	EndGlobalSection
EndGlobal
